Microsoft Visual Studio Solution File, Format Version 12.00
# Visual Studio Version 17
VisualStudioVersion = 17.5.2.0
MinimumVisualStudioVersion = 10.0.40219.1
Project("{FAE04EC0-301F-11D3-BF4B-00C04F79EFBC}") = "BarberShop.Api", "BarberShop.Api.csproj", "{236293C2-E9CD-9FDA-788E-A2B703415BEB}"
EndProject
Global
	GlobalSection(SolutionConfigurationPlatforms) = preSolution
		Debug|Any CPU = Debug|Any CPU
		Release|Any CPU = Release|Any CPU
	EndGlobalSection
	GlobalSection(ProjectConfigurationPlatforms) = postSolution
		{236293C2-E9CD-9FDA-788E-A2B703415BEB}.Debug|Any CPU.ActiveCfg = Debug|Any CPU
		{236293C2-E9CD-9FDA-788E-A2B703415BEB}.Debug|Any CPU.Build.0 = Debug|Any CPU
		{236293C2-E9CD-9FDA-788E-A2B703415BEB}.Release|Any CPU.ActiveCfg = Release|Any CPU
		{236293C2-E9CD-9FDA-788E-A2B703415BEB}.Release|Any CPU.Build.0 = Release|Any CPU
	EndGlobalSection
	GlobalSection(SolutionProperties) = preSolution
		HideSolutionNode = FALSE
	EndGlobalSection
	GlobalSection(ExtensibilityGlobals) = postSolution
		SolutionGuid = {C91AE79B-79D6-4170-B93C-7C3085FA4C26}
	EndGlobalSection
EndGlobal
